{
  "name": "hap-switch-example",
  "version": "0.0.1",
  "lockfileVersion": 1,
  "requires": true,
  "dependencies": {
    "@homebridge/ciao": {
      "version": "1.0.10",
      "resolved": "https://registry.npmjs.org/@homebridge/ciao/-/ciao-1.0.10.tgz",
      "integrity": "sha512-Fe6VdnckLUPsDk8ty0d1YtfeGFEpe3d4x/mXzQRUF9hl6FrhFUFiAA5mSxXNZ1ZoZScImi+SlBuBTuJo99e1Mg==",
      "requires": {
        "debug": "^4.1.1",
        "fast-deep-equal": "^3.1.3"
      }
    },
    "debug": {
      "version": "4.2.0",
      "resolved": "https://registry.npmjs.org/debug/-/debug-4.2.0.tgz",
      "integrity": "sha512-IX2ncY78vDTjZMFUdmsvIRFY2Cf4FnD0wRs+nQwJU8Lu99/tPFdb0VybiiMTPe3I6rQmwsqQqRBvxU+bZ/I8sg==",
      "requires": {
        "ms": "2.1.2"
      }
    },
    "decimal.js": {
      "version": "10.2.0",
      "resolved": "https://registry.npmjs.org/decimal.js/-/decimal.js-10.2.0.tgz",
      "integrity": "sha512-vDPw+rDgn3bZe1+F/pyEwb1oMG2XTlRVgAa6B4KccTEpYgF8w6eQllVbQcfIJnZyvzFtFpxnpGtx8dd7DJp/Rw=="
    },
    "fast-deep-equal": {
      "version": "3.1.3",
      "resolved": "https://registry.npmjs.org/fast-deep-equal/-/fast-deep-equal-3.1.3.tgz",
      "integrity": "sha512-f3qQ9oQy9j2AhBe/H9VC91wLmKBCCU/gDOnKNAYG5hswO7BLKj09Hc5HYNz9cGI++xlpDCIgDaitVs03ATR84Q=="
    },
    "fast-srp-hap": {
      "version": "2.0.2",
      "resolved": "https://registry.npmjs.org/fast-srp-hap/-/fast-srp-hap-2.0.2.tgz",
      "integrity": "sha512-wABhZRrFhlovqJQ1HygOUB4R6WZW2hmlpvVYh2dVCy8BPLabDrB/Tu6XI3B4QfmhtHk8s1OeiFqJHY7FBsphug=="
    },
    "futoin-hkdf": {
      "version": "1.3.2",
      "resolved": "https://registry.npmjs.org/futoin-hkdf/-/futoin-hkdf-1.3.2.tgz",
      "integrity": "sha512-3EVi3ETTyJg5PSXlxLCaUVVn0pSbDf62L3Gwxne7Uq+d8adOSNWQAad4gg7WToHkcgnCJb3Wlb1P8r4Evj4GPw=="
    },
    "hap-nodejs": {
      "version": "0.8.2",
      "resolved": "https://registry.npmjs.org/hap-nodejs/-/hap-nodejs-0.8.2.tgz",
      "integrity": "sha512-OVy+wtcC3uXl5V0Ba3f4MtOYVOUS5J3kIB69AV4zvlo02kS41d9ZYKE3rvcTce8kj8ih0YBpYVWRL4a7uHEbjw==",
      "requires": {
        "@homebridge/ciao": "~1.0.5",
        "debug": "^4.1.1",
        "decimal.js": "^10.2.0",
        "fast-srp-hap": "2.0.2",
        "futoin-hkdf": "~1.3.2",
        "ip": "^1.1.3",
        "node-persist": "^0.0.11",
        "tweetnacl": "^1.0.3"
      }
    },
    "ip": {
      "version": "1.1.5",
      "resolved": "https://registry.npmjs.org/ip/-/ip-1.1.5.tgz",
      "integrity": "sha1-vd7XARQpCCjAoDnnLvJfWq7ENUo="
    },
    "minimist": {
      "version": "1.2.5",
      "resolved": "https://registry.npmjs.org/minimist/-/minimist-1.2.5.tgz",
      "integrity": "sha512-FM9nNUYrRBAELZQT3xeZQ7fmMOBg6nWNmJKTcgsJeaLstP/UODVpGsr5OhXhhXg6f+qtJ8uiZ+PUxkDWcgIXLw=="
    },
    "mkdirp": {
      "version": "0.5.5",
      "resolved": "https://registry.npmjs.org/mkdirp/-/mkdirp-0.5.5.tgz",
      "integrity": "sha512-NKmAlESf6jMGym1++R0Ra7wvhV+wFW63FaSOFPwRahvea0gMUcGUhVeAg/0BC0wiv9ih5NYPB1Wn1UEI1/L+xQ==",
      "requires": {
        "minimist": "^1.2.5"
      }
    },
    "ms": {
      "version": "2.1.2",
      "resolved": "https://registry.npmjs.org/ms/-/ms-2.1.2.tgz",
      "integrity": "sha512-sGkPx+VjMtmA6MX27oA4FBFELFCZZ4S4XqeGOXCv68tT+jb3vk/RyaKWP0PTKyWtmLSM0b+adUTEvbs1PEaH2w=="
    },
    "node-persist": {
      "version": "0.0.11",
      "resolved": "https://registry.npmjs.org/node-persist/-/node-persist-0.0.11.tgz",
      "integrity": "sha1-1m66Pr72IPB5Uw+nsTB2qQZmWHQ=",
      "requires": {
        "mkdirp": "~0.5.1",
        "q": "~1.1.1"
      }
    },
    "q": {
      "version": "1.1.2",
      "resolved": "https://registry.npmjs.org/q/-/q-1.1.2.tgz",
      "integrity": "sha1-Y1fikSBnAdmfGXq4TlforRlvKok="
    },
    "tweetnacl": {
      "version": "1.0.3",
      "resolved": "https://registry.npmjs.org/tweetnacl/-/tweetnacl-1.0.3.tgz",
      "integrity": "sha512-6rt+RN7aOi1nGMyC4Xa5DdYiukl2UWCbcJft7YhxReBGQD7OAM8Pbxw6YMo4r2diNEA8FEmu32YOn9rhaiE5yw=="
    }
  }
}
